
Microsoft Visual Studio Solution File, Format Version 12.00
Project("{FAE04EC0-301F-11D3-BF4B-00C04F79EFBC}") = "BenchmarksForExcelOnFramework", "BenchmarksForExcelOnFramework\BenchmarksForExcelOnFramework.csproj", "{A7960FE0-BEDC-457E-B0B9-22A4C53BA7C5}"
EndProject
Project("{FAE04EC0-301F-11D3-BF4B-00C04F79EFBC}") = "BenchmarksForExcelOnCore", "BenchmarksForExcelOnCore\BenchmarksForExcelOnCore.csproj", "{358091BD-B9A8-40D4-BD1E-650BA56BA0E8}"
EndProject
Global
	GlobalSection(SolutionConfigurationPlatforms) = preSolution
		Debug|Any CPU = Debug|Any CPU
		Release|Any CPU = Release|Any CPU
	EndGlobalSection
	GlobalSection(ProjectConfigurationPlatforms) = postSolution
		{A7960FE0-BEDC-457E-B0B9-22A4C53BA7C5}.Debug|Any CPU.ActiveCfg = Debug|Any CPU
		{A7960FE0-BEDC-457E-B0B9-22A4C53BA7C5}.Debug|Any CPU.Build.0 = Debug|Any CPU
		{A7960FE0-BEDC-457E-B0B9-22A4C53BA7C5}.Release|Any CPU.ActiveCfg = Release|Any CPU
		{A7960FE0-BEDC-457E-B0B9-22A4C53BA7C5}.Release|Any CPU.Build.0 = Release|Any CPU
		{358091BD-B9A8-40D4-BD1E-650BA56BA0E8}.Debug|Any CPU.ActiveCfg = Debug|Any CPU
		{358091BD-B9A8-40D4-BD1E-650BA56BA0E8}.Debug|Any CPU.Build.0 = Debug|Any CPU
		{358091BD-B9A8-40D4-BD1E-650BA56BA0E8}.Release|Any CPU.ActiveCfg = Release|Any CPU
		{358091BD-B9A8-40D4-BD1E-650BA56BA0E8}.Release|Any CPU.Build.0 = Release|Any CPU
	EndGlobalSection
EndGlobal
