
Microsoft Visual Studio Solution File, Format Version 12.00
# Visual Studio 15
VisualStudioVersion = 15.0.28010.2048
MinimumVisualStudioVersion = 10.0.40219.1
Project("{9A19103F-16F7-4668-BE54-9A1E7A4F7556}") = "DioDocsStudy.Excel", "..\DioDocsStudy\DioDocsStudy.Excel\DioDocsStudy.Excel.csproj", "{0B39AF69-BE9B-4407-B712-0E1213262318}"
EndProject
Project("{9A19103F-16F7-4668-BE54-9A1E7A4F7556}") = "Benchmarks", "..\BenchmarksForExcel\Benchmarks\Benchmarks.csproj", "{8E747341-5E61-46C4-87E3-D1ACB981B42A}"
EndProject
Project("{9A19103F-16F7-4668-BE54-9A1E7A4F7556}") = "MultiThreadBenchmarksForExcel", "MultiThreadBenchmarksForExcel\MultiThreadBenchmarksForExcel.csproj", "{6BCE0E2F-7743-4F2B-88F2-59A337C9E25C}"
EndProject
Global
	GlobalSection(SolutionConfigurationPlatforms) = preSolution
		Debug|Any CPU = Debug|Any CPU
		Release|Any CPU = Release|Any CPU
	EndGlobalSection
	GlobalSection(ProjectConfigurationPlatforms) = postSolution
		{0B39AF69-BE9B-4407-B712-0E1213262318}.Debug|Any CPU.ActiveCfg = Debug|Any CPU
		{0B39AF69-BE9B-4407-B712-0E1213262318}.Debug|Any CPU.Build.0 = Debug|Any CPU
		{0B39AF69-BE9B-4407-B712-0E1213262318}.Release|Any CPU.ActiveCfg = Release|Any CPU
		{0B39AF69-BE9B-4407-B712-0E1213262318}.Release|Any CPU.Build.0 = Release|Any CPU
		{8E747341-5E61-46C4-87E3-D1ACB981B42A}.Debug|Any CPU.ActiveCfg = Debug|Any CPU
		{8E747341-5E61-46C4-87E3-D1ACB981B42A}.Debug|Any CPU.Build.0 = Debug|Any CPU
		{8E747341-5E61-46C4-87E3-D1ACB981B42A}.Release|Any CPU.ActiveCfg = Release|Any CPU
		{8E747341-5E61-46C4-87E3-D1ACB981B42A}.Release|Any CPU.Build.0 = Release|Any CPU
		{6BCE0E2F-7743-4F2B-88F2-59A337C9E25C}.Debug|Any CPU.ActiveCfg = Debug|Any CPU
		{6BCE0E2F-7743-4F2B-88F2-59A337C9E25C}.Debug|Any CPU.Build.0 = Debug|Any CPU
		{6BCE0E2F-7743-4F2B-88F2-59A337C9E25C}.Release|Any CPU.ActiveCfg = Release|Any CPU
		{6BCE0E2F-7743-4F2B-88F2-59A337C9E25C}.Release|Any CPU.Build.0 = Release|Any CPU
	EndGlobalSection
	GlobalSection(SolutionProperties) = preSolution
		HideSolutionNode = FALSE
	EndGlobalSection
	GlobalSection(ExtensibilityGlobals) = postSolution
		SolutionGuid = {2F09D5EE-0032-4488-B14F-C3B292880B3E}
	EndGlobalSection
EndGlobal
