
Microsoft Visual Studio Solution File, Format Version 12.00
# Visual Studio Version 16
VisualStudioVersion = 16.0.29201.188
MinimumVisualStudioVersion = 10.0.40219.1
Project("{9A19103F-16F7-4668-BE54-9A1E7A4F7556}") = "Benchmarks", "Benchmarks\Benchmarks.csproj", "{149DEB93-820C-49C9-B51F-EC1C69F3EC80}"
EndProject
Project("{FAE04EC0-301F-11D3-BF4B-00C04F79EFBC}") = "Benchmarks.ReportBuilder", "Benchmarks.ReportBuilder\Benchmarks.ReportBuilder.csproj", "{E914B77C-4A79-4258-A0DD-3E0180A56138}"
EndProject
Project("{FAE04EC0-301F-11D3-BF4B-00C04F79EFBC}") = "Benchmarks.Functions", "Benchmarks.Functions\Benchmarks.Functions.csproj", "{FAC700A4-F4DA-4786-859C-308ACB80853F}"
EndProject
Global
	GlobalSection(SolutionConfigurationPlatforms) = preSolution
		Debug|Any CPU = Debug|Any CPU
		Release|Any CPU = Release|Any CPU
	EndGlobalSection
	GlobalSection(ProjectConfigurationPlatforms) = postSolution
		{149DEB93-820C-49C9-B51F-EC1C69F3EC80}.Debug|Any CPU.ActiveCfg = Debug|Any CPU
		{149DEB93-820C-49C9-B51F-EC1C69F3EC80}.Debug|Any CPU.Build.0 = Debug|Any CPU
		{149DEB93-820C-49C9-B51F-EC1C69F3EC80}.Release|Any CPU.ActiveCfg = Release|Any CPU
		{149DEB93-820C-49C9-B51F-EC1C69F3EC80}.Release|Any CPU.Build.0 = Release|Any CPU
		{E914B77C-4A79-4258-A0DD-3E0180A56138}.Debug|Any CPU.ActiveCfg = Debug|Any CPU
		{E914B77C-4A79-4258-A0DD-3E0180A56138}.Debug|Any CPU.Build.0 = Debug|Any CPU
		{E914B77C-4A79-4258-A0DD-3E0180A56138}.Release|Any CPU.ActiveCfg = Release|Any CPU
		{E914B77C-4A79-4258-A0DD-3E0180A56138}.Release|Any CPU.Build.0 = Release|Any CPU
		{FAC700A4-F4DA-4786-859C-308ACB80853F}.Debug|Any CPU.ActiveCfg = Debug|Any CPU
		{FAC700A4-F4DA-4786-859C-308ACB80853F}.Debug|Any CPU.Build.0 = Debug|Any CPU
		{FAC700A4-F4DA-4786-859C-308ACB80853F}.Release|Any CPU.ActiveCfg = Release|Any CPU
		{FAC700A4-F4DA-4786-859C-308ACB80853F}.Release|Any CPU.Build.0 = Release|Any CPU
	EndGlobalSection
	GlobalSection(SolutionProperties) = preSolution
		HideSolutionNode = FALSE
	EndGlobalSection
	GlobalSection(ExtensibilityGlobals) = postSolution
		SolutionGuid = {D367F982-C94D-41C2-98C8-7407BBD8D281}
	EndGlobalSection
EndGlobal
